// !$*UTF8*$!
{
	archiveVersion = 1;
	classes = {
	};
	objectVersion = 56;
	objects = {

/* Begin PBXBuildFile section */
		4DE4AA2B2BF41CAC007569D6 /* HackerNApp.swift in Sources */ = {isa = PBXBuildFile; fileRef = 4DE4AA2A2BF41CAC007569D6 /* HackerNApp.swift */; };
		4DE4AA2D2BF41CAC007569D6 /* ContentView.swift in Sources */ = {isa = PBXBuildFile; fileRef = 4DE4AA2C2BF41CAC007569D6 /* ContentView.swift */; };
		4DE4AA2F2BF41CAE007569D6 /* Assets.xcassets in Resources */ = {isa = PBXBuildFile; fileRef = 4DE4AA2E2BF41CAE007569D6 /* Assets.xcassets */; };
		4DE4AA322BF41CAE007569D6 /* Preview Assets.xcassets in Resources */ = {isa = PBXBuildFile; fileRef = 4DE4AA312BF41CAE007569D6 /* Preview Assets.xcassets */; };
		4DE4AA3C2BF41CAE007569D6 /* HackerNTests.swift in Sources */ = {isa = PBXBuildFile; fileRef = 4DE4AA3B2BF41CAE007569D6 /* HackerNTests.swift */; };
		4DE4AA462BF41CAE007569D6 /* HackerNUITests.swift in Sources */ = {isa = PBXBuildFile; fileRef = 4DE4AA452BF41CAE007569D6 /* HackerNUITests.swift */; };
		4DE4AA482BF41CAE007569D6 /* HackerNUITestsLaunchTests.swift in Sources */ = {isa = PBXBuildFile; fileRef = 4DE4AA472BF41CAE007569D6 /* HackerNUITestsLaunchTests.swift */; };
		4DE4AA562BF421AF007569D6 /* NetworkManager.swift in Sources */ = {isa = PBXBuildFile; fileRef = 4DE4AA552BF421AF007569D6 /* NetworkManager.swift */; };
		4DE4AA582BF52457007569D6 /* PostData.swift in Sources */ = {isa = PBXBuildFile; fileRef = 4DE4AA572BF52457007569D6 /* PostData.swift */; };
		4DE4AA5B2BF5659B007569D6 /* DetailView.swift in Sources */ = {isa = PBXBuildFile; fileRef = 4DE4AA5A2BF5659B007569D6 /* DetailView.swift */; };
		4DE4AA5D2BF5694A007569D6 /* WebView.swift in Sources */ = {isa = PBXBuildFile; fileRef = 4DE4AA5C2BF5694A007569D6 /* WebView.swift */; };
/* End PBXBuildFile section */

/* Begin PBXContainerItemProxy section */
		4DE4AA382BF41CAE007569D6 /* PBXContainerItemProxy */ = {
			isa = PBXContainerItemProxy;
			containerPortal = 4DE4AA1F2BF41CAC007569D6 /* Project object */;
			proxyType = 1;
			remoteGlobalIDString = 4DE4AA262BF41CAC007569D6;
			remoteInfo = HackerN;
		};
		4DE4AA422BF41CAE007569D6 /* PBXContainerItemProxy */ = {
			isa = PBXContainerItemProxy;
			containerPortal = 4DE4AA1F2BF41CAC007569D6 /* Project object */;
			proxyType = 1;
			remoteGlobalIDString = 4DE4AA262BF41CAC007569D6;
			remoteInfo = HackerN;
		};
/* End PBXContainerItemProxy section */

/* Begin PBXFileReference section */
		4DE4AA272BF41CAC007569D6 /* HackerN.app */ = {isa = PBXFileReference; explicitFileType = wrapper.application; includeInIndex = 0; path = HackerN.app; sourceTree = BUILT_PRODUCTS_DIR; };
		4DE4AA2A2BF41CAC007569D6 /* HackerNApp.swift */ = {isa = PBXFileReference; lastKnownFileType = sourcecode.swift; path = HackerNApp.swift; sourceTree = "<group>"; };
		4DE4AA2C2BF41CAC007569D6 /* ContentView.swift */ = {isa = PBXFileReference; lastKnownFileType = sourcecode.swift; path = ContentView.swift; sourceTree = "<group>"; };
		4DE4AA2E2BF41CAE007569D6 /* Assets.xcassets */ = {isa = PBXFileReference; lastKnownFileType = folder.assetcatalog; path = Assets.xcassets; sourceTree = "<group>"; };
		4DE4AA312BF41CAE007569D6 /* Preview Assets.xcassets */ = {isa = PBXFileReference; lastKnownFileType = folder.assetcatalog; path = "Preview Assets.xcassets"; sourceTree = "<group>"; };
		4DE4AA372BF41CAE007569D6 /* HackerNTests.xctest */ = {isa = PBXFileReference; explicitFileType = wrapper.cfbundle; includeInIndex = 0; path = HackerNTests.xctest; sourceTree = BUILT_PRODUCTS_DIR; };
		4DE4AA3B2BF41CAE007569D6 /* HackerNTests.swift */ = {isa = PBXFileReference; lastKnownFileType = sourcecode.swift; path = HackerNTests.swift; sourceTree = "<group>"; };
		4DE4AA412BF41CAE007569D6 /* HackerNUITests.xctest */ = {isa = PBXFileReference; explicitFileType = wrapper.cfbundle; includeInIndex = 0; path = HackerNUITests.xctest; sourceTree = BUILT_PRODUCTS_DIR; };
		4DE4AA452BF41CAE007569D6 /* HackerNUITests.swift */ = {isa = PBXFileReference; lastKnownFileType = sourcecode.swift; path = HackerNUITests.swift; sourceTree = "<group>"; };
		4DE4AA472BF41CAE007569D6 /* HackerNUITestsLaunchTests.swift */ = {isa = PBXFileReference; lastKnownFileType = sourcecode.swift; path = HackerNUITestsLaunchTests.swift; sourceTree = "<group>"; };
		4DE4AA552BF421AF007569D6 /* NetworkManager.swift */ = {isa = PBXFileReference; lastKnownFileType = sourcecode.swift; path = NetworkManager.swift; sourceTree = "<group>"; };
		4DE4AA572BF52457007569D6 /* PostData.swift */ = {isa = PBXFileReference; lastKnownFileType = sourcecode.swift; path = PostData.swift; sourceTree = "<group>"; };
		4DE4AA5A2BF5659B007569D6 /* DetailView.swift */ = {isa = PBXFileReference; lastKnownFileType = sourcecode.swift; path = DetailView.swift; sourceTree = "<group>"; };
		4DE4AA5C2BF5694A007569D6 /* WebView.swift */ = {isa = PBXFileReference; lastKnownFileType = sourcecode.swift; path = WebView.swift; sourceTree = "<group>"; };
/* End PBXFileReference section */

/* Begin PBXFrameworksBuildPhase section */
		4DE4AA242BF41CAC007569D6 /* Frameworks */ = {
			isa = PBXFrameworksBuildPhase;
			buildActionMask = 2147483647;
			files = (
			);
			runOnlyForDeploymentPostprocessing = 0;
		};
		4DE4AA342BF41CAE007569D6 /* Frameworks */ = {
			isa = PBXFrameworksBuildPhase;
			buildActionMask = 2147483647;
			files = (
			);
			runOnlyForDeploymentPostprocessing = 0;
		};
		4DE4AA3E2BF41CAE007569D6 /* Frameworks */ = {
			isa = PBXFrameworksBuildPhase;
			buildActionMask = 2147483647;
			files = (
			);
			runOnlyForDeploymentPostprocessing = 0;
		};
/* End PBXFrameworksBuildPhase section */

/* Begin PBXGroup section */
		4DE4AA1E2BF41CAC007569D6 = {
			isa = PBXGroup;
			children = (
				4DE4AA292BF41CAC007569D6 /* HackerN */,
				4DE4AA3A2BF41CAE007569D6 /* HackerNTests */,
				4DE4AA442BF41CAE007569D6 /* HackerNUITests */,
				4DE4AA282BF41CAC007569D6 /* Products */,
			);
			sourceTree = "<group>";
		};
		4DE4AA282BF41CAC007569D6 /* Products */ = {
			isa = PBXGroup;
			children = (
				4DE4AA272BF41CAC007569D6 /* HackerN.app */,
				4DE4AA372BF41CAE007569D6 /* HackerNTests.xctest */,
				4DE4AA412BF41CAE007569D6 /* HackerNUITests.xctest */,
			);
			name = Products;
			sourceTree = "<group>";
		};
		4DE4AA292BF41CAC007569D6 /* HackerN */ = {
			isa = PBXGroup;
			children = (
				4DE4AA542BF4218F007569D6 /* Models */,
				4DE4AA2A2BF41CAC007569D6 /* HackerNApp.swift */,
				4DE4AA592BF56582007569D6 /* Views */,
				4DE4AA2E2BF41CAE007569D6 /* Assets.xcassets */,
				4DE4AA302BF41CAE007569D6 /* Preview Content */,
			);
			path = HackerN;
			sourceTree = "<group>";
		};
		4DE4AA302BF41CAE007569D6 /* Preview Content */ = {
			isa = PBXGroup;
			children = (
				4DE4AA312BF41CAE007569D6 /* Preview Assets.xcassets */,
			);
			path = "Preview Content";
			sourceTree = "<group>";
		};
		4DE4AA3A2BF41CAE007569D6 /* HackerNTests */ = {
			isa = PBXGroup;
			children = (
				4DE4AA3B2BF41CAE007569D6 /* HackerNTests.swift */,
			);
			path = HackerNTests;
			sourceTree = "<group>";
		};
		4DE4AA442BF41CAE007569D6 /* HackerNUITests */ = {
			isa = PBXGroup;
			children = (
				4DE4AA452BF41CAE007569D6 /* HackerNUITests.swift */,
				4DE4AA472BF41CAE007569D6 /* HackerNUITestsLaunchTests.swift */,
			);
			path = HackerNUITests;
			sourceTree = "<group>";
		};
		4DE4AA542BF4218F007569D6 /* Models */ = {
			isa = PBXGroup;
			children = (
				4DE4AA552BF421AF007569D6 /* NetworkManager.swift */,
				4DE4AA572BF52457007569D6 /* PostData.swift */,
			);
			path = Models;
			sourceTree = "<group>";
		};
		4DE4AA592BF56582007569D6 /* Views */ = {
			isa = PBXGroup;
			children = (
				4DE4AA2C2BF41CAC007569D6 /* ContentView.swift */,
				4DE4AA5A2BF5659B007569D6 /* DetailView.swift */,
				4DE4AA5C2BF5694A007569D6 /* WebView.swift */,
			);
			path = Views;
			sourceTree = "<group>";
		};
/* End PBXGroup section */

/* Begin PBXNativeTarget section */
		4DE4AA262BF41CAC007569D6 /* HackerN */ = {
			isa = PBXNativeTarget;
			buildConfigurationList = 4DE4AA4B2BF41CAE007569D6 /* Build configuration list for PBXNativeTarget "HackerN" */;
			buildPhases = (
				4DE4AA232BF41CAC007569D6 /* Sources */,
				4DE4AA242BF41CAC007569D6 /* Frameworks */,
				4DE4AA252BF41CAC007569D6 /* Resources */,
			);
			buildRules = (
			);
			dependencies = (
			);
			name = HackerN;
			productName = HackerN;
			productReference = 4DE4AA272BF41CAC007569D6 /* HackerN.app */;
			productType = "com.apple.product-type.application";
		};
		4DE4AA362BF41CAE007569D6 /* HackerNTests */ = {
			isa = PBXNativeTarget;
			buildConfigurationList = 4DE4AA4E2BF41CAE007569D6 /* Build configuration list for PBXNativeTarget "HackerNTests" */;
			buildPhases = (
				4DE4AA332BF41CAE007569D6 /* Sources */,
				4DE4AA342BF41CAE007569D6 /* Frameworks */,
				4DE4AA352BF41CAE007569D6 /* Resources */,
			);
			buildRules = (
			);
			dependencies = (
				4DE4AA392BF41CAE007569D6 /* PBXTargetDependency */,
			);
			name = HackerNTests;
			productName = HackerNTests;
			productReference = 4DE4AA372BF41CAE007569D6 /* HackerNTests.xctest */;
			productType = "com.apple.product-type.bundle.unit-test";
		};
		4DE4AA402BF41CAE007569D6 /* HackerNUITests */ = {
			isa = PBXNativeTarget;
			buildConfigurationList = 4DE4AA512BF41CAE007569D6 /* Build configuration list for PBXNativeTarget "HackerNUITests" */;
			buildPhases = (
				4DE4AA3D2BF41CAE007569D6 /* Sources */,
				4DE4AA3E2BF41CAE007569D6 /* Frameworks */,
				4DE4AA3F2BF41CAE007569D6 /* Resources */,
			);
			buildRules = (
			);
			dependencies = (
				4DE4AA432BF41CAE007569D6 /* PBXTargetDependency */,
			);
			name = HackerNUITests;
			productName = HackerNUITests;
			productReference = 4DE4AA412BF41CAE007569D6 /* HackerNUITests.xctest */;
			productType = "com.apple.product-type.bundle.ui-testing";
		};
/* End PBXNativeTarget section */

/* Begin PBXProject section */
		4DE4AA1F2BF41CAC007569D6 /* Project object */ = {
			isa = PBXProject;
			attributes = {
				BuildIndependentTargetsInParallel = 1;
				LastSwiftUpdateCheck = 1530;
				LastUpgradeCheck = 1530;
				TargetAttributes = {
					4DE4AA262BF41CAC007569D6 = {
						CreatedOnToolsVersion = 15.3;
					};
					4DE4AA362BF41CAE007569D6 = {
						CreatedOnToolsVersion = 15.3;
						TestTargetID = 4DE4AA262BF41CAC007569D6;
					};
					4DE4AA402BF41CAE007569D6 = {
						CreatedOnToolsVersion = 15.3;
						TestTargetID = 4DE4AA262BF41CAC007569D6;
					};
				};
			};
			buildConfigurationList = 4DE4AA222BF41CAC007569D6 /* Build configuration list for PBXProject "HackerN" */;
			compatibilityVersion = "Xcode 14.0";
			developmentRegion = en;
			hasScannedForEncodings = 0;
			knownRegions = (
				en,
				Base,
			);
			mainGroup = 4DE4AA1E2BF41CAC007569D6;
			productRefGroup = 4DE4AA282BF41CAC007569D6 /* Products */;
			projectDirPath = "";
			projectRoot = "";
			targets = (
				4DE4AA262BF41CAC007569D6 /* HackerN */,
				4DE4AA362BF41CAE007569D6 /* HackerNTests */,
				4DE4AA402BF41CAE007569D6 /* HackerNUITests */,
			);
		};
/* End PBXProject section */

/* Begin PBXResourcesBuildPhase section */
		4DE4AA252BF41CAC007569D6 /* Resources */ = {
			isa = PBXResourcesBuildPhase;
			buildActionMask = 2147483647;
			files = (
				4DE4AA322BF41CAE007569D6 /* Preview Assets.xcassets in Resources */,
				4DE4AA2F2BF41CAE007569D6 /* Assets.xcassets in Resources */,
			);
			runOnlyForDeploymentPostprocessing = 0;
		};
		4DE4AA352BF41CAE007569D6 /* Resources */ = {
			isa = PBXResourcesBuildPhase;
			buildActionMask = 2147483647;
			files = (
			);
			runOnlyForDeploymentPostprocessing = 0;
		};
		4DE4AA3F2BF41CAE007569D6 /* Resources */ = {
			isa = PBXResourcesBuildPhase;
			buildActionMask = 2147483647;
			files = (
			);
			runOnlyForDeploymentPostprocessing = 0;
		};
/* End PBXResourcesBuildPhase section */

/* Begin PBXSourcesBuildPhase section */
		4DE4AA232BF41CAC007569D6 /* Sources */ = {
			isa = PBXSourcesBuildPhase;
			buildActionMask = 2147483647;
			files = (
				4DE4AA562BF421AF007569D6 /* NetworkManager.swift in Sources */,
				4DE4AA582BF52457007569D6 /* PostData.swift in Sources */,
				4DE4AA2D2BF41CAC007569D6 /* ContentView.swift in Sources */,
				4DE4AA5D2BF5694A007569D6 /* WebView.swift in Sources */,
				4DE4AA5B2BF5659B007569D6 /* DetailView.swift in Sources */,
				4DE4AA2B2BF41CAC007569D6 /* HackerNApp.swift in Sources */,
			);
			runOnlyForDeploymentPostprocessing = 0;
		};
		4DE4AA332BF41CAE007569D6 /* Sources */ = {
			isa = PBXSourcesBuildPhase;
			buildActionMask = 2147483647;
			files = (
				4DE4AA3C2BF41CAE007569D6 /* HackerNTests.swift in Sources */,
			);
			runOnlyForDeploymentPostprocessing = 0;
		};
		4DE4AA3D2BF41CAE007569D6 /* Sources */ = {
			isa = PBXSourcesBuildPhase;
			buildActionMask = 2147483647;
			files = (
				4DE4AA462BF41CAE007569D6 /* HackerNUITests.swift in Sources */,
				4DE4AA482BF41CAE007569D6 /* HackerNUITestsLaunchTests.swift in Sources */,
			);
			runOnlyForDeploymentPostprocessing = 0;
		};
/* End PBXSourcesBuildPhase section */

/* Begin PBXTargetDependency section */
		4DE4AA392BF41CAE007569D6 /* PBXTargetDependency */ = {
			isa = PBXTargetDependency;
			target = 4DE4AA262BF41CAC007569D6 /* HackerN */;
			targetProxy = 4DE4AA382BF41CAE007569D6 /* PBXContainerItemProxy */;
		};
		4DE4AA432BF41CAE007569D6 /* PBXTargetDependency */ = {
			isa = PBXTargetDependency;
			target = 4DE4AA262BF41CAC007569D6 /* HackerN */;
			targetProxy = 4DE4AA422BF41CAE007569D6 /* PBXContainerItemProxy */;
		};
/* End PBXTargetDependency section */

/* Begin XCBuildConfiguration section */
		4DE4AA492BF41CAE007569D6 /* Debug */ = {
			isa = XCBuildConfiguration;
			buildSettings = {
				ALWAYS_SEARCH_USER_PATHS = NO;
				ASSETCATALOG_COMPILER_GENERATE_SWIFT_ASSET_SYMBOL_EXTENSIONS = YES;
				CLANG_ANALYZER_NONNULL = YES;
				CLANG_ANALYZER_NUMBER_OBJECT_CONVERSION = YES_AGGRESSIVE;
				CLANG_CXX_LANGUAGE_STANDARD = "gnu++20";
				CLANG_ENABLE_MODULES = YES;
				CLANG_ENABLE_OBJC_ARC = YES;
				CLANG_ENABLE_OBJC_WEAK = YES;
				CLANG_WARN_BLOCK_CAPTURE_AUTORELEASING = YES;
				CLANG_WARN_BOOL_CONVERSION = YES;
				CLANG_WARN_COMMA = YES;
				CLANG_WARN_CONSTANT_CONVERSION = YES;
				CLANG_WARN_DEPRECATED_OBJC_IMPLEMENTATIONS = YES;
				CLANG_WARN_DIRECT_OBJC_ISA_USAGE = YES_ERROR;
				CLANG_WARN_DOCUMENTATION_COMMENTS = YES;
				CLANG_WARN_EMPTY_BODY = YES;
				CLANG_WARN_ENUM_CONVERSION = YES;
				CLANG_WARN_INFINITE_RECURSION = YES;
				CLANG_WARN_INT_CONVERSION = YES;
				CLANG_WARN_NON_LITERAL_NULL_CONVERSION = YES;
				CLANG_WARN_OBJC_IMPLICIT_RETAIN_SELF = YES;
				CLANG_WARN_OBJC_LITERAL_CONVERSION = YES;
				CLANG_WARN_OBJC_ROOT_CLASS = YES_ERROR;
				CLANG_WARN_QUOTED_INCLUDE_IN_FRAMEWORK_HEADER = YES;
				CLANG_WARN_RANGE_LOOP_ANALYSIS = YES;
				CLANG_WARN_STRICT_PROTOTYPES = YES;
				CLANG_WARN_SUSPICIOUS_MOVE = YES;
				CLANG_WARN_UNGUARDED_AVAILABILITY = YES_AGGRESSIVE;
				CLANG_WARN_UNREACHABLE_CODE = YES;
				CLANG_WARN__DUPLICATE_METHOD_MATCH = YES;
				COPY_PHASE_STRIP = NO;
				DEBUG_INFORMATION_FORMAT = dwarf;
				ENABLE_STRICT_OBJC_MSGSEND = YES;
				ENABLE_TESTABILITY = YES;
				ENABLE_USER_SCRIPT_SANDBOXING = YES;
				GCC_C_LANGUAGE_STANDARD = gnu17;
				GCC_DYNAMIC_NO_PIC = NO;
				GCC_NO_COMMON_BLOCKS = YES;
				GCC_OPTIMIZATION_LEVEL = 0;
				GCC_PREPROCESSOR_DEFINITIONS = (
					"DEBUG=1",
					"$(inherited)",
				);
				GCC_WARN_64_TO_32_BIT_CONVERSION = YES;
				GCC_WARN_ABOUT_RETURN_TYPE = YES_ERROR;
				GCC_WARN_UNDECLARED_SELECTOR = YES;
				GCC_WARN_UNINITIALIZED_AUTOS = YES_AGGRESSIVE;
				GCC_WARN_UNUSED_FUNCTION = YES;
				GCC_WARN_UNUSED_VARIABLE = YES;
				IPHONEOS_DEPLOYMENT_TARGET = 17.4;
				LOCALIZATION_PREFERS_STRING_CATALOGS = YES;
				MTL_ENABLE_DEBUG_INFO = INCLUDE_SOURCE;
				MTL_FAST_MATH = YES;
				ONLY_ACTIVE_ARCH = YES;
				SDKROOT = iphoneos;
				SWIFT_ACTIVE_COMPILATION_CONDITIONS = "DEBUG $(inherited)";
				SWIFT_OPTIMIZATION_LEVEL = "-Onone";
			};
			name = Debug;
		};
		4DE4AA4A2BF41CAE007569D6 /* Release */ = {
			isa = XCBuildConfiguration;
			buildSettings = {
				ALWAYS_SEARCH_USER_PATHS = NO;
				ASSETCATALOG_COMPILER_GENERATE_SWIFT_ASSET_SYMBOL_EXTENSIONS = YES;
				CLANG_ANALYZER_NONNULL = YES;
				CLANG_ANALYZER_NUMBER_OBJECT_CONVERSION = YES_AGGRESSIVE;
				CLANG_CXX_LANGUAGE_STANDARD = "gnu++20";
				CLANG_ENABLE_MODULES = YES;
				CLANG_ENABLE_OBJC_ARC = YES;
				CLANG_ENABLE_OBJC_WEAK = YES;
				CLANG_WARN_BLOCK_CAPTURE_AUTORELEASING = YES;
				CLANG_WARN_BOOL_CONVERSION = YES;
				CLANG_WARN_COMMA = YES;
				CLANG_WARN_CONSTANT_CONVERSION = YES;
				CLANG_WARN_DEPRECATED_OBJC_IMPLEMENTATIONS = YES;
				CLANG_WARN_DIRECT_OBJC_ISA_USAGE = YES_ERROR;
				CLANG_WARN_DOCUMENTATION_COMMENTS = YES;
				CLANG_WARN_EMPTY_BODY = YES;
				CLANG_WARN_ENUM_CONVERSION = YES;
				CLANG_WARN_INFINITE_RECURSION = YES;
				CLANG_WARN_INT_CONVERSION = YES;
				CLANG_WARN_NON_LITERAL_NULL_CONVERSION = YES;
				CLANG_WARN_OBJC_IMPLICIT_RETAIN_SELF = YES;
				CLANG_WARN_OBJC_LITERAL_CONVERSION = YES;
				CLANG_WARN_OBJC_ROOT_CLASS = YES_ERROR;
				CLANG_WARN_QUOTED_INCLUDE_IN_FRAMEWORK_HEADER = YES;
				CLANG_WARN_RANGE_LOOP_ANALYSIS = YES;
				CLANG_WARN_STRICT_PROTOTYPES = YES;
				CLANG_WARN_SUSPICIOUS_MOVE = YES;
				CLANG_WARN_UNGUARDED_AVAILABILITY = YES_AGGRESSIVE;
				CLANG_WARN_UNREACHABLE_CODE = YES;
				CLANG_WARN__DUPLICATE_METHOD_MATCH = YES;
				COPY_PHASE_STRIP = NO;
				DEBUG_INFORMATION_FORMAT = "dwarf-with-dsym";
				ENABLE_NS_ASSERTIONS = NO;
				ENABLE_STRICT_OBJC_MSGSEND = YES;
				ENABLE_USER_SCRIPT_SANDBOXING = YES;
				GCC_C_LANGUAGE_STANDARD = gnu17;
				GCC_NO_COMMON_BLOCKS = YES;
				GCC_WARN_64_TO_32_BIT_CONVERSION = YES;
				GCC_WARN_ABOUT_RETURN_TYPE = YES_ERROR;
				GCC_WARN_UNDECLARED_SELECTOR = YES;
				GCC_WARN_UNINITIALIZED_AUTOS = YES_AGGRESSIVE;
				GCC_WARN_UNUSED_FUNCTION = YES;
				GCC_WARN_UNUSED_VARIABLE = YES;
				IPHONEOS_DEPLOYMENT_TARGET = 17.4;
				LOCALIZATION_PREFERS_STRING_CATALOGS = YES;
				MTL_ENABLE_DEBUG_INFO = NO;
				MTL_FAST_MATH = YES;
				SDKROOT = iphoneos;
				SWIFT_COMPILATION_MODE = wholemodule;
				VALIDATE_PRODUCT = YES;
			};
			name = Release;
		};
		4DE4AA4C2BF41CAE007569D6 /* Debug */ = {
			isa = XCBuildConfiguration;
			buildSettings = {
				ASSETCATALOG_COMPILER_APPICON_NAME = AppIcon;
				ASSETCATALOG_COMPILER_GLOBAL_ACCENT_COLOR_NAME = AccentColor;
				CODE_SIGN_STYLE = Automatic;
				CURRENT_PROJECT_VERSION = 1;
				DEVELOPMENT_ASSET_PATHS = "\"HackerN/Preview Content\"";
				DEVELOPMENT_TEAM = Y2MNA8U89N;
				ENABLE_PREVIEWS = YES;
				GENERATE_INFOPLIST_FILE = YES;
				INFOPLIST_KEY_UIApplicationSceneManifest_Generation = YES;
				INFOPLIST_KEY_UIApplicationSupportsIndirectInputEvents = YES;
				INFOPLIST_KEY_UILaunchScreen_Generation = YES;
				INFOPLIST_KEY_UISupportedInterfaceOrientations_iPad = "UIInterfaceOrientationPortrait UIInterfaceOrientationPortraitUpsideDown UIInterfaceOrientationLandscapeLeft UIInterfaceOrientationLandscapeRight";
				INFOPLIST_KEY_UISupportedInterfaceOrientations_iPhone = "UIInterfaceOrientationPortrait UIInterfaceOrientationLandscapeLeft UIInterfaceOrientationLandscapeRight";
				LD_RUNPATH_SEARCH_PATHS = (
					"$(inherited)",
					"@executable_path/Frameworks",
				);
				MARKETING_VERSION = 1.0;
				PRODUCT_BUNDLE_IDENTIFIER = com.mgill.HackerN;
				PRODUCT_NAME = "$(TARGET_NAME)";
				SWIFT_EMIT_LOC_STRINGS = YES;
				SWIFT_VERSION = 5.0;
				TARGETED_DEVICE_FAMILY = "1,2";
			};
			name = Debug;
		};
		4DE4AA4D2BF41CAE007569D6 /* Release */ = {
			isa = XCBuildConfiguration;
			buildSettings = {
				ASSETCATALOG_COMPILER_APPICON_NAME = AppIcon;
				ASSETCATALOG_COMPILER_GLOBAL_ACCENT_COLOR_NAME = AccentColor;
				CODE_SIGN_STYLE = Automatic;
				CURRENT_PROJECT_VERSION = 1;
				DEVELOPMENT_ASSET_PATHS = "\"HackerN/Preview Content\"";
				DEVELOPMENT_TEAM = Y2MNA8U89N;
				ENABLE_PREVIEWS = YES;
				GENERATE_INFOPLIST_FILE = YES;
				INFOPLIST_KEY_UIApplicationSceneManifest_Generation = YES;
				INFOPLIST_KEY_UIApplicationSupportsIndirectInputEvents = YES;
				INFOPLIST_KEY_UILaunchScreen_Generation = YES;
				INFOPLIST_KEY_UISupportedInterfaceOrientations_iPad = "UIInterfaceOrientationPortrait UIInterfaceOrientationPortraitUpsideDown UIInterfaceOrientationLandscapeLeft UIInterfaceOrientationLandscapeRight";
				INFOPLIST_KEY_UISupportedInterfaceOrientations_iPhone = "UIInterfaceOrientationPortrait UIInterfaceOrientationLandscapeLeft UIInterfaceOrientationLandscapeRight";
				LD_RUNPATH_SEARCH_PATHS = (
					"$(inherited)",
					"@executable_path/Frameworks",
				);
				MARKETING_VERSION = 1.0;
				PRODUCT_BUNDLE_IDENTIFIER = com.mgill.HackerN;
				PRODUCT_NAME = "$(TARGET_NAME)";
				SWIFT_EMIT_LOC_STRINGS = YES;
				SWIFT_VERSION = 5.0;
				TARGETED_DEVICE_FAMILY = "1,2";
			};
			name = Release;
		};
		4DE4AA4F2BF41CAE007569D6 /* Debug */ = {
			isa = XCBuildConfiguration;
			buildSettings = {
				ALWAYS_EMBED_SWIFT_STANDARD_LIBRARIES = YES;
				BUNDLE_LOADER = "$(TEST_HOST)";
				CODE_SIGN_STYLE = Automatic;
				CURRENT_PROJECT_VERSION = 1;
				DEVELOPMENT_TEAM = Y2MNA8U89N;
				GENERATE_INFOPLIST_FILE = YES;
				IPHONEOS_DEPLOYMENT_TARGET = 17.4;
				MARKETING_VERSION = 1.0;
				PRODUCT_BUNDLE_IDENTIFIER = com.mgill.HackerNTests;
				PRODUCT_NAME = "$(TARGET_NAME)";
				SWIFT_EMIT_LOC_STRINGS = NO;
				SWIFT_VERSION = 5.0;
				TARGETED_DEVICE_FAMILY = "1,2";
				TEST_HOST = "$(BUILT_PRODUCTS_DIR)/HackerN.app/$(BUNDLE_EXECUTABLE_FOLDER_PATH)/HackerN";
			};
			name = Debug;
		};
		4DE4AA502BF41CAE007569D6 /* Release */ = {
			isa = XCBuildConfiguration;
			buildSettings = {
				ALWAYS_EMBED_SWIFT_STANDARD_LIBRARIES = YES;
				BUNDLE_LOADER = "$(TEST_HOST)";
				CODE_SIGN_STYLE = Automatic;
				CURRENT_PROJECT_VERSION = 1;
				DEVELOPMENT_TEAM = Y2MNA8U89N;
				GENERATE_INFOPLIST_FILE = YES;
				IPHONEOS_DEPLOYMENT_TARGET = 17.4;
				MARKETING_VERSION = 1.0;
				PRODUCT_BUNDLE_IDENTIFIER = com.mgill.HackerNTests;
				PRODUCT_NAME = "$(TARGET_NAME)";
				SWIFT_EMIT_LOC_STRINGS = NO;
				SWIFT_VERSION = 5.0;
				TARGETED_DEVICE_FAMILY = "1,2";
				TEST_HOST = "$(BUILT_PRODUCTS_DIR)/HackerN.app/$(BUNDLE_EXECUTABLE_FOLDER_PATH)/HackerN";
			};
			name = Release;
		};
		4DE4AA522BF41CAE007569D6 /* Debug */ = {
			isa = XCBuildConfiguration;
			buildSettings = {
				ALWAYS_EMBED_SWIFT_STANDARD_LIBRARIES = YES;
				CODE_SIGN_STYLE = Automatic;
				CURRENT_PROJECT_VERSION = 1;
				DEVELOPMENT_TEAM = Y2MNA8U89N;
				GENERATE_INFOPLIST_FILE = YES;
				MARKETING_VERSION = 1.0;
				PRODUCT_BUNDLE_IDENTIFIER = com.mgill.HackerNUITests;
				PRODUCT_NAME = "$(TARGET_NAME)";
				SWIFT_EMIT_LOC_STRINGS = NO;
				SWIFT_VERSION = 5.0;
				TARGETED_DEVICE_FAMILY = "1,2";
				TEST_TARGET_NAME = HackerN;
			};
			name = Debug;
		};
		4DE4AA532BF41CAE007569D6 /* Release */ = {
			isa = XCBuildConfiguration;
			buildSettings = {
				ALWAYS_EMBED_SWIFT_STANDARD_LIBRARIES = YES;
				CODE_SIGN_STYLE = Automatic;
				CURRENT_PROJECT_VERSION = 1;
				DEVELOPMENT_TEAM = Y2MNA8U89N;
				GENERATE_INFOPLIST_FILE = YES;
				MARKETING_VERSION = 1.0;
				PRODUCT_BUNDLE_IDENTIFIER = com.mgill.HackerNUITests;
				PRODUCT_NAME = "$(TARGET_NAME)";
				SWIFT_EMIT_LOC_STRINGS = NO;
				SWIFT_VERSION = 5.0;
				TARGETED_DEVICE_FAMILY = "1,2";
				TEST_TARGET_NAME = HackerN;
			};
			name = Release;
		};
/* End XCBuildConfiguration section */

/* Begin XCConfigurationList section */
		4DE4AA222BF41CAC007569D6 /* Build configuration list for PBXProject "HackerN" */ = {
			isa = XCConfigurationList;
			buildConfigurations = (
				4DE4AA492BF41CAE007569D6 /* Debug */,
				4DE4AA4A2BF41CAE007569D6 /* Release */,
			);
			defaultConfigurationIsVisible = 0;
			defaultConfigurationName = Release;
		};
		4DE4AA4B2BF41CAE007569D6 /* Build configuration list for PBXNativeTarget "HackerN" */ = {
			isa = XCConfigurationList;
			buildConfigurations = (
				4DE4AA4C2BF41CAE007569D6 /* Debug */,
				4DE4AA4D2BF41CAE007569D6 /* Release */,
			);
			defaultConfigurationIsVisible = 0;
			defaultConfigurationName = Release;
		};
		4DE4AA4E2BF41CAE007569D6 /* Build configuration list for PBXNativeTarget "HackerNTests" */ = {
			isa = XCConfigurationList;
			buildConfigurations = (
				4DE4AA4F2BF41CAE007569D6 /* Debug */,
				4DE4AA502BF41CAE007569D6 /* Release */,
			);
			defaultConfigurationIsVisible = 0;
			defaultConfigurationName = Release;
		};
		4DE4AA512BF41CAE007569D6 /* Build configuration list for PBXNativeTarget "HackerNUITests" */ = {
			isa = XCConfigurationList;
			buildConfigurations = (
				4DE4AA522BF41CAE007569D6 /* Debug */,
				4DE4AA532BF41CAE007569D6 /* Release */,
			);
			defaultConfigurationIsVisible = 0;
			defaultConfigurationName = Release;
		};
/* End XCConfigurationList section */
	};
	rootObject = 4DE4AA1F2BF41CAC007569D6 /* Project object */;
}
